
Microsoft Visual Studio Solution File, Format Version 12.00
# Visual Studio Version 17
VisualStudioVersion = 17.3.32929.385
MinimumVisualStudioVersion = 10.0.40219.1
Project("{FAE04EC0-301F-11D3-BF4B-00C04F79EFBC}") = "MotorTax", "MotorTax\MotorTax.csproj", "{9294D154-9675-47F0-B301-81258F52225A}"
EndProject
Global
	GlobalSection(SolutionConfigurationPlatforms) = preSolution
		Debug|Any CPU = Debug|Any CPU
		Release|Any CPU = Release|Any CPU
	EndGlobalSection
	GlobalSection(ProjectConfigurationPlatforms) = postSolution
		{9294D154-9675-47F0-B301-81258F52225A}.Debug|Any CPU.ActiveCfg = Debug|Any CPU
		{9294D154-9675-47F0-B301-81258F52225A}.Debug|Any CPU.Build.0 = Debug|Any CPU
		{9294D154-9675-47F0-B301-81258F52225A}.Release|Any CPU.ActiveCfg = Release|Any CPU
		{9294D154-9675-47F0-B301-81258F52225A}.Release|Any CPU.Build.0 = Release|Any CPU
	EndGlobalSection
	GlobalSection(SolutionProperties) = preSolution
		HideSolutionNode = FALSE
	EndGlobalSection
	GlobalSection(ExtensibilityGlobals) = postSolution
		SolutionGuid = {2425A545-B895-414A-A8CC-997F0409F175}
	EndGlobalSection
EndGlobal
